Microsoft Visual Studio Solution File, Format Version 11.00
# Visual Studio 2008

Project("{638A41E3-C27F-BC76-F487-63BD74A0BE0D}") = "Prototipos Resumidos__001", "Assembly-CSharp-firstpass.csproj", "{98C1DBE7-A161-605A-B953-35C32738FD3C}"
EndProject
Project("{638A41E3-C27F-BC76-F487-63BD74A0BE0D}") = "Prototipos Resumidos__001", "Assembly-CSharp.csproj", "{4006364E-4B4A-6B98-4386-EBE0E3FAAC6F}"
EndProject
Project("{638A41E3-C27F-BC76-F487-63BD74A0BE0D}") = "Prototipos Resumidos__001", "Assembly-UnityScript-firstpass.unityproj", "{5FA8B95E-7F37-1773-A189-39E06785074E}"
EndProject
Project("{638A41E3-C27F-BC76-F487-63BD74A0BE0D}") = "Prototipos Resumidos__001", "Assembly-UnityScript.unityproj", "{8243D16E-C833-33E5-22DA-F85F2334D1CF}"
EndProject
Global
	GlobalSection(SolutionConfigurationPlatforms) = preSolution
		Debug|Any CPU = Debug|Any CPU
		Release|Any CPU = Release|Any CPU
	EndGlobalSection
	GlobalSection(ProjectConfigurationPlatforms) = postSolution
		{98C1DBE7-A161-605A-B953-35C32738FD3C}.Debug|Any CPU.ActiveCfg = Debug|Any CPU
		{98C1DBE7-A161-605A-B953-35C32738FD3C}.Debug|Any CPU.Build.0 = Debug|Any CPU
		{98C1DBE7-A161-605A-B953-35C32738FD3C}.Release|Any CPU.ActiveCfg = Release|Any CPU
		{98C1DBE7-A161-605A-B953-35C32738FD3C}.Release|Any CPU.Build.0 = Release|Any CPU
		{4006364E-4B4A-6B98-4386-EBE0E3FAAC6F}.Debug|Any CPU.ActiveCfg = Debug|Any CPU
		{4006364E-4B4A-6B98-4386-EBE0E3FAAC6F}.Debug|Any CPU.Build.0 = Debug|Any CPU
		{4006364E-4B4A-6B98-4386-EBE0E3FAAC6F}.Release|Any CPU.ActiveCfg = Release|Any CPU
		{4006364E-4B4A-6B98-4386-EBE0E3FAAC6F}.Release|Any CPU.Build.0 = Release|Any CPU
		{5FA8B95E-7F37-1773-A189-39E06785074E}.Debug|Any CPU.ActiveCfg = Debug|Any CPU
		{5FA8B95E-7F37-1773-A189-39E06785074E}.Debug|Any CPU.Build.0 = Debug|Any CPU
		{5FA8B95E-7F37-1773-A189-39E06785074E}.Release|Any CPU.ActiveCfg = Release|Any CPU
		{5FA8B95E-7F37-1773-A189-39E06785074E}.Release|Any CPU.Build.0 = Release|Any CPU
		{8243D16E-C833-33E5-22DA-F85F2334D1CF}.Debug|Any CPU.ActiveCfg = Debug|Any CPU
		{8243D16E-C833-33E5-22DA-F85F2334D1CF}.Debug|Any CPU.Build.0 = Debug|Any CPU
		{8243D16E-C833-33E5-22DA-F85F2334D1CF}.Release|Any CPU.ActiveCfg = Release|Any CPU
		{8243D16E-C833-33E5-22DA-F85F2334D1CF}.Release|Any CPU.Build.0 = Release|Any CPU
	EndGlobalSection
	GlobalSection(SolutionProperties) = preSolution
		HideSolutionNode = FALSE
	EndGlobalSection
															GlobalSection(MonoDevelopProperties) = preSolution
		StartupItem = Assembly-CSharp.csproj
		Policies = $0
		$0.TextStylePolicy = $1
		$1.inheritsSet = null
		$1.scope = text/x-csharp
		$0.CSharpFormattingPolicy = $2
		$2.inheritsSet = Mono
		$2.inheritsScope = text/x-csharp
		$2.scope = text/x-csharp
		$0.TextStylePolicy = $3
		$3.FileWidth = 120
		$3.TabWidth = 4
		$3.EolMarker = Unix
		$3.inheritsSet = Mono
		$3.inheritsScope = text/plain
		$3.scope = text/plain
	EndGlobalSection

EndGlobal
